<?xml version="1.0" encoding="utf-8"?>
<Project ToolsVersion="4.0" xmlns="http://schemas.microsoft.com/developer/msbuild/2003">
  <ItemGroup>
    <Filter Include="Faddle">
      <UniqueIdentifier>{45F73BB2-3199-6688-1A54-7ADC0695EDD8}</UniqueIdentifier>
    </Filter>
    <Filter Include="Faddle\Event">
      <UniqueIdentifier>{561851D5-427B-E079-EB00-1930D742ACFC}</UniqueIdentifier>
    </Filter>
  </ItemGroup>
  <ItemGroup>
    <ClInclude Include="src\Faddle.h" />
    <ClInclude Include="src\Faddle\Application.h">
      <Filter>Faddle</Filter>
    </ClInclude>
    <ClInclude Include="src\Faddle\Core.h">
      <Filter>Faddle</Filter>
    </ClInclude>
    <ClInclude Include="src\Faddle\EntryPoint.h">
      <Filter>Faddle</Filter>
    </ClInclude>
    <ClInclude Include="src\Faddle\Event\ApplicationEvent.h">
      <Filter>Faddle\Event</Filter>
    </ClInclude>
    <ClInclude Include="src\Faddle\Event\Event.h">
      <Filter>Faddle\Event</Filter>
    </ClInclude>
    <ClInclude Include="src\Faddle\Event\KeyEvent.h">
      <Filter>Faddle\Event</Filter>
    </ClInclude>
    <ClInclude Include="src\Faddle\Event\MouseEvent.h">
      <Filter>Faddle\Event</Filter>
    </ClInclude>
    <ClInclude Include="src\Faddle\Log.h">
      <Filter>Faddle</Filter>
    </ClInclude>
    <ClInclude Include="src\fmpch.h" />
  </ItemGroup>
  <ItemGroup>
    <ClCompile Include="src\Faddle\Application.cpp">
      <Filter>Faddle</Filter>
    </ClCompile>
    <ClCompile Include="src\Faddle\Log.cpp">
      <Filter>Faddle</Filter>
    </ClCompile>
    <ClCompile Include="src\fmpch.cpp" />
  </ItemGroup>
</Project>